
Microsoft Visual Studio Solution File, Format Version 12.00
# Visual Studio 15
Project("{FAE04EC0-301F-11D3-BF4B-00C04F79EFBC}") = "Assembly-CSharp", "Assembly-CSharp.csproj", "{21E54C52-D383-7D7A-3A04-399D816D3733}"
EndProject
Project("{FAE04EC0-301F-11D3-BF4B-00C04F79EFBC}") = "PhotonUnityNetworking.Demos", "PhotonUnityNetworking.Demos.csproj", "{00A9AB82-ED69-E28C-D9FF-405DFDBF1B76}"
EndProject
Project("{FAE04EC0-301F-11D3-BF4B-00C04F79EFBC}") = "PhotonUnityNetworking.Utilities", "PhotonUnityNetworking.Utilities.csproj", "{E5AC7560-F896-3D54-86DF-A22F1FCC0111}"
EndProject
Project("{FAE04EC0-301F-11D3-BF4B-00C04F79EFBC}") = "PhotonChat", "PhotonChat.csproj", "{52B4C039-FCD3-9AB2-40AE-43853709B4B9}"
EndProject
Project("{FAE04EC0-301F-11D3-BF4B-00C04F79EFBC}") = "PhotonUnityNetworking", "PhotonUnityNetworking.csproj", "{1CCE4945-6542-BEF3-549E-BA9D0CEA00DF}"
EndProject
Project("{FAE04EC0-301F-11D3-BF4B-00C04F79EFBC}") = "NavMeshComponents", "NavMeshComponents.csproj", "{17F8DFE1-9F0A-3C90-BB20-87BFE7B7774E}"
EndProject
Project("{FAE04EC0-301F-11D3-BF4B-00C04F79EFBC}") = "PhotonRealtime", "PhotonRealtime.csproj", "{A409FB54-9A95-6D28-8455-B8F0FAF8351A}"
EndProject
Project("{FAE04EC0-301F-11D3-BF4B-00C04F79EFBC}") = "NavMeshComponentsEditor", "NavMeshComponentsEditor.csproj", "{A50A78BD-A829-8C8E-9122-07BB8E16D4FC}"
EndProject
Project("{FAE04EC0-301F-11D3-BF4B-00C04F79EFBC}") = "PhotonUnityNetworking.Editor", "PhotonUnityNetworking.Editor.csproj", "{8FC820B2-5527-C2DF-B294-30DE0171F854}"
EndProject
Project("{FAE04EC0-301F-11D3-BF4B-00C04F79EFBC}") = "PunDemos.DemoHubEditor", "PunDemos.DemoHubEditor.csproj", "{22741364-B21C-58BB-62AF-E4D1C38FEDBA}"
EndProject
Project("{FAE04EC0-301F-11D3-BF4B-00C04F79EFBC}") = "PhotonUnityNetworking.Utilities.PhotonPlayer.Editor", "PhotonUnityNetworking.Utilities.PhotonPlayer.Editor.csproj", "{28A2832D-5FBE-35B1-5C7C-6B8AE85F2C06}"
EndProject
Project("{FAE04EC0-301F-11D3-BF4B-00C04F79EFBC}") = "Assembly-CSharp-Editor", "Assembly-CSharp-Editor.csproj", "{ACCE7042-3F18-4514-6506-FFB51B534D70}"
EndProject
Project("{FAE04EC0-301F-11D3-BF4B-00C04F79EFBC}") = "PhotonUnityNetworking.Utilities.Culling.Editor", "PhotonUnityNetworking.Utilities.Culling.Editor.csproj", "{A380FBB3-91E0-B137-1C41-071D1C617B86}"
EndProject
Project("{FAE04EC0-301F-11D3-BF4B-00C04F79EFBC}") = "PunDemos.DemoSlotcarEditor", "PunDemos.DemoSlotcarEditor.csproj", "{EA3D1919-B012-68D5-492D-3462A448B898}"
EndProject
Global
	GlobalSection(SolutionConfigurationPlatforms) = preSolution
		Debug|Any CPU = Debug|Any CPU
		Release|Any CPU = Release|Any CPU
	EndGlobalSection
	GlobalSection(ProjectConfigurationPlatforms) = postSolution
		{21E54C52-D383-7D7A-3A04-399D816D3733}.Debug|Any CPU.ActiveCfg = Debug|Any CPU
		{21E54C52-D383-7D7A-3A04-399D816D3733}.Debug|Any CPU.Build.0 = Debug|Any CPU
		{21E54C52-D383-7D7A-3A04-399D816D3733}.Release|Any CPU.ActiveCfg = Release|Any CPU
		{21E54C52-D383-7D7A-3A04-399D816D3733}.Release|Any CPU.Build.0 = Release|Any CPU
		{00A9AB82-ED69-E28C-D9FF-405DFDBF1B76}.Debug|Any CPU.ActiveCfg = Debug|Any CPU
		{00A9AB82-ED69-E28C-D9FF-405DFDBF1B76}.Debug|Any CPU.Build.0 = Debug|Any CPU
		{00A9AB82-ED69-E28C-D9FF-405DFDBF1B76}.Release|Any CPU.ActiveCfg = Release|Any CPU
		{00A9AB82-ED69-E28C-D9FF-405DFDBF1B76}.Release|Any CPU.Build.0 = Release|Any CPU
		{E5AC7560-F896-3D54-86DF-A22F1FCC0111}.Debug|Any CPU.ActiveCfg = Debug|Any CPU
		{E5AC7560-F896-3D54-86DF-A22F1FCC0111}.Debug|Any CPU.Build.0 = Debug|Any CPU
		{E5AC7560-F896-3D54-86DF-A22F1FCC0111}.Release|Any CPU.ActiveCfg = Release|Any CPU
		{E5AC7560-F896-3D54-86DF-A22F1FCC0111}.Release|Any CPU.Build.0 = Release|Any CPU
		{52B4C039-FCD3-9AB2-40AE-43853709B4B9}.Debug|Any CPU.ActiveCfg = Debug|Any CPU
		{52B4C039-FCD3-9AB2-40AE-43853709B4B9}.Debug|Any CPU.Build.0 = Debug|Any CPU
		{52B4C039-FCD3-9AB2-40AE-43853709B4B9}.Release|Any CPU.ActiveCfg = Release|Any CPU
		{52B4C039-FCD3-9AB2-40AE-43853709B4B9}.Release|Any CPU.Build.0 = Release|Any CPU
		{1CCE4945-6542-BEF3-549E-BA9D0CEA00DF}.Debug|Any CPU.ActiveCfg = Debug|Any CPU
		{1CCE4945-6542-BEF3-549E-BA9D0CEA00DF}.Debug|Any CPU.Build.0 = Debug|Any CPU
		{1CCE4945-6542-BEF3-549E-BA9D0CEA00DF}.Release|Any CPU.ActiveCfg = Release|Any CPU
		{1CCE4945-6542-BEF3-549E-BA9D0CEA00DF}.Release|Any CPU.Build.0 = Release|Any CPU
		{17F8DFE1-9F0A-3C90-BB20-87BFE7B7774E}.Debug|Any CPU.ActiveCfg = Debug|Any CPU
		{17F8DFE1-9F0A-3C90-BB20-87BFE7B7774E}.Debug|Any CPU.Build.0 = Debug|Any CPU
		{17F8DFE1-9F0A-3C90-BB20-87BFE7B7774E}.Release|Any CPU.ActiveCfg = Release|Any CPU
		{17F8DFE1-9F0A-3C90-BB20-87BFE7B7774E}.Release|Any CPU.Build.0 = Release|Any CPU
		{A409FB54-9A95-6D28-8455-B8F0FAF8351A}.Debug|Any CPU.ActiveCfg = Debug|Any CPU
		{A409FB54-9A95-6D28-8455-B8F0FAF8351A}.Debug|Any CPU.Build.0 = Debug|Any CPU
		{A409FB54-9A95-6D28-8455-B8F0FAF8351A}.Release|Any CPU.ActiveCfg = Release|Any CPU
		{A409FB54-9A95-6D28-8455-B8F0FAF8351A}.Release|Any CPU.Build.0 = Release|Any CPU
		{A50A78BD-A829-8C8E-9122-07BB8E16D4FC}.Debug|Any CPU.ActiveCfg = Debug|Any CPU
		{A50A78BD-A829-8C8E-9122-07BB8E16D4FC}.Debug|Any CPU.Build.0 = Debug|Any CPU
		{A50A78BD-A829-8C8E-9122-07BB8E16D4FC}.Release|Any CPU.ActiveCfg = Release|Any CPU
		{A50A78BD-A829-8C8E-9122-07BB8E16D4FC}.Release|Any CPU.Build.0 = Release|Any CPU
		{8FC820B2-5527-C2DF-B294-30DE0171F854}.Debug|Any CPU.ActiveCfg = Debug|Any CPU
		{8FC820B2-5527-C2DF-B294-30DE0171F854}.Debug|Any CPU.Build.0 = Debug|Any CPU
		{8FC820B2-5527-C2DF-B294-30DE0171F854}.Release|Any CPU.ActiveCfg = Release|Any CPU
		{8FC820B2-5527-C2DF-B294-30DE0171F854}.Release|Any CPU.Build.0 = Release|Any CPU
		{22741364-B21C-58BB-62AF-E4D1C38FEDBA}.Debug|Any CPU.ActiveCfg = Debug|Any CPU
		{22741364-B21C-58BB-62AF-E4D1C38FEDBA}.Debug|Any CPU.Build.0 = Debug|Any CPU
		{22741364-B21C-58BB-62AF-E4D1C38FEDBA}.Release|Any CPU.ActiveCfg = Release|Any CPU
		{22741364-B21C-58BB-62AF-E4D1C38FEDBA}.Release|Any CPU.Build.0 = Release|Any CPU
		{28A2832D-5FBE-35B1-5C7C-6B8AE85F2C06}.Debug|Any CPU.ActiveCfg = Debug|Any CPU
		{28A2832D-5FBE-35B1-5C7C-6B8AE85F2C06}.Debug|Any CPU.Build.0 = Debug|Any CPU
		{28A2832D-5FBE-35B1-5C7C-6B8AE85F2C06}.Release|Any CPU.ActiveCfg = Release|Any CPU
		{28A2832D-5FBE-35B1-5C7C-6B8AE85F2C06}.Release|Any CPU.Build.0 = Release|Any CPU
		{ACCE7042-3F18-4514-6506-FFB51B534D70}.Debug|Any CPU.ActiveCfg = Debug|Any CPU
		{ACCE7042-3F18-4514-6506-FFB51B534D70}.Debug|Any CPU.Build.0 = Debug|Any CPU
		{ACCE7042-3F18-4514-6506-FFB51B534D70}.Release|Any CPU.ActiveCfg = Release|Any CPU
		{ACCE7042-3F18-4514-6506-FFB51B534D70}.Release|Any CPU.Build.0 = Release|Any CPU
		{A380FBB3-91E0-B137-1C41-071D1C617B86}.Debug|Any CPU.ActiveCfg = Debug|Any CPU
		{A380FBB3-91E0-B137-1C41-071D1C617B86}.Debug|Any CPU.Build.0 = Debug|Any CPU
		{A380FBB3-91E0-B137-1C41-071D1C617B86}.Release|Any CPU.ActiveCfg = Release|Any CPU
		{A380FBB3-91E0-B137-1C41-071D1C617B86}.Release|Any CPU.Build.0 = Release|Any CPU
		{EA3D1919-B012-68D5-492D-3462A448B898}.Debug|Any CPU.ActiveCfg = Debug|Any CPU
		{EA3D1919-B012-68D5-492D-3462A448B898}.Debug|Any CPU.Build.0 = Debug|Any CPU
		{EA3D1919-B012-68D5-492D-3462A448B898}.Release|Any CPU.ActiveCfg = Release|Any CPU
		{EA3D1919-B012-68D5-492D-3462A448B898}.Release|Any CPU.Build.0 = Release|Any CPU
	EndGlobalSection
	GlobalSection(SolutionProperties) = preSolution
		HideSolutionNode = FALSE
	EndGlobalSection
EndGlobal
